
Microsoft Visual Studio Solution File, Format Version 12.00
# Visual Studio Version 16
VisualStudioVersion = 16.0.30114.105
MinimumVisualStudioVersion = 10.0.40219.1
Project("{FAE04EC0-301F-11D3-BF4B-00C04F79EFBC}") = "SumOf2Digits", "SumOf2Digits.csproj", "{54AB336B-E094-4155-9DB6-1E152F8C095E}"
EndProject
Global
	GlobalSection(SolutionConfigurationPlatforms) = preSolution
		Debug|Any CPU = Debug|Any CPU
		Release|Any CPU = Release|Any CPU
	EndGlobalSection
	GlobalSection(ProjectConfigurationPlatforms) = postSolution
		{54AB336B-E094-4155-9DB6-1E152F8C095E}.Debug|Any CPU.ActiveCfg = Debug|Any CPU
		{54AB336B-E094-4155-9DB6-1E152F8C095E}.Debug|Any CPU.Build.0 = Debug|Any CPU
		{54AB336B-E094-4155-9DB6-1E152F8C095E}.Release|Any CPU.ActiveCfg = Release|Any CPU
		{54AB336B-E094-4155-9DB6-1E152F8C095E}.Release|Any CPU.Build.0 = Release|Any CPU
	EndGlobalSection
	GlobalSection(SolutionProperties) = preSolution
		HideSolutionNode = FALSE
	EndGlobalSection
	GlobalSection(ExtensibilityGlobals) = postSolution
		SolutionGuid = {8950775B-7749-4B93-9B53-9BBE2C29E7E0}
	EndGlobalSection
EndGlobal
